
Microsoft Visual Studio Solution File, Format Version 12.00
# Visual Studio Version 17
VisualStudioVersion = 17.5.33414.496
MinimumVisualStudioVersion = 10.0.40219.1
Project("{9A19103F-16F7-4668-BE54-9A1E7A4F7556}") = "Kotono", "Kotono\Kotono.csproj", "{DA470AD5-3E89-45B2-A2CA-B0A31C074D65}"
EndProject
Project("{2150E333-8FDC-42A3-9474-1A3956D46DE8}") = "Solution Items", "Solution Items", "{1A0FA9AD-4073-4BDF-A312-A4349AB86C50}"
	ProjectSection(SolutionItems) = preProject
		.editorconfig = .editorconfig
	EndProjectSection
EndProject
Global
	GlobalSection(SolutionConfigurationPlatforms) = preSolution
		Debug|Any CPU = Debug|Any CPU
		Release|Any CPU = Release|Any CPU
	EndGlobalSection
	GlobalSection(ProjectConfigurationPlatforms) = postSolution
		{DA470AD5-3E89-45B2-A2CA-B0A31C074D65}.Debug|Any CPU.ActiveCfg = Debug|Any CPU
		{DA470AD5-3E89-45B2-A2CA-B0A31C074D65}.Debug|Any CPU.Build.0 = Debug|Any CPU
		{DA470AD5-3E89-45B2-A2CA-B0A31C074D65}.Release|Any CPU.ActiveCfg = Release|Any CPU
		{DA470AD5-3E89-45B2-A2CA-B0A31C074D65}.Release|Any CPU.Build.0 = Release|Any CPU
	EndGlobalSection
	GlobalSection(SolutionProperties) = preSolution
		HideSolutionNode = FALSE
	EndGlobalSection
	GlobalSection(ExtensibilityGlobals) = postSolution
		SolutionGuid = {C81CA8DA-4B39-45A5-921E-8617EED1F801}
	EndGlobalSection
EndGlobal
